
Microsoft Visual Studio Solution File, Format Version 12.00
# Visual Studio Version 16
VisualStudioVersion = 16.0.32602.291
MinimumVisualStudioVersion = 10.0.40219.1
Project("{FAE04EC0-301F-11D3-BF4B-00C04F79EFBC}") = "ListZad2", "ListZad2\ListZad2.csproj", "{F66445BB-FE29-4EE5-AFC7-A05A48B208A2}"
EndProject
Global
	GlobalSection(SolutionConfigurationPlatforms) = preSolution
		Debug|Any CPU = Debug|Any CPU
		Release|Any CPU = Release|Any CPU
	EndGlobalSection
	GlobalSection(ProjectConfigurationPlatforms) = postSolution
		{F66445BB-FE29-4EE5-AFC7-A05A48B208A2}.Debug|Any CPU.ActiveCfg = Debug|Any CPU
		{F66445BB-FE29-4EE5-AFC7-A05A48B208A2}.Debug|Any CPU.Build.0 = Debug|Any CPU
		{F66445BB-FE29-4EE5-AFC7-A05A48B208A2}.Release|Any CPU.ActiveCfg = Release|Any CPU
		{F66445BB-FE29-4EE5-AFC7-A05A48B208A2}.Release|Any CPU.Build.0 = Release|Any CPU
	EndGlobalSection
	GlobalSection(SolutionProperties) = preSolution
		HideSolutionNode = FALSE
	EndGlobalSection
	GlobalSection(ExtensibilityGlobals) = postSolution
		SolutionGuid = {CD0CC256-9CF7-43FF-B8F0-DBD1B199440E}
	EndGlobalSection
EndGlobal
